// !$*UTF8*$!
{
	archiveVersion = 1;
	classes = {
	};
	objectVersion = 46;
	objects = {

/* Begin PBXBuildFile section */
		71FE60CF1921DE340008A2FB /* Foundation.framework in Frameworks */ = {isa = PBXBuildFile; fileRef = 71FE60CE1921DE340008A2FB /* Foundation.framework */; };
		71FE60D11921DE340008A2FB /* CoreGraphics.framework in Frameworks */ = {isa = PBXBuildFile; fileRef = 71FE60D01921DE340008A2FB /* CoreGraphics.framework */; };
		71FE60D31921DE340008A2FB /* UIKit.framework in Frameworks */ = {isa = PBXBuildFile; fileRef = 71FE60D21921DE340008A2FB /* UIKit.framework */; };
		71FE60D91921DE340008A2FB /* InfoPlist.strings in Resources */ = {isa = PBXBuildFile; fileRef = 71FE60D71921DE340008A2FB /* InfoPlist.strings */; };
		71FE60DB1921DE340008A2FB /* main.m in Sources */ = {isa = PBXBuildFile; fileRef = 71FE60DA1921DE340008A2FB /* main.m */; };
		71FE60DF1921DE340008A2FB /* GRAppDelegate.m in Sources */ = {isa = PBXBuildFile; fileRef = 71FE60DE1921DE340008A2FB /* GRAppDelegate.m */; };
		71FE60E11921DE340008A2FB /* Images.xcassets in Resources */ = {isa = PBXBuildFile; fileRef = 71FE60E01921DE340008A2FB /* Images.xcassets */; };
		71FE60E81921DE340008A2FB /* XCTest.framework in Frameworks */ = {isa = PBXBuildFile; fileRef = 71FE60E71921DE340008A2FB /* XCTest.framework */; };
		71FE60E91921DE340008A2FB /* Foundation.framework in Frameworks */ = {isa = PBXBuildFile; fileRef = 71FE60CE1921DE340008A2FB /* Foundation.framework */; };
		71FE60EA1921DE340008A2FB /* UIKit.framework in Frameworks */ = {isa = PBXBuildFile; fileRef = 71FE60D21921DE340008A2FB /* UIKit.framework */; };
		71FE60F21921DE340008A2FB /* InfoPlist.strings in Resources */ = {isa = PBXBuildFile; fileRef = 71FE60F01921DE340008A2FB /* InfoPlist.strings */; };
		71FE60F41921DE340008A2FB /* GitReferenceTests.m in Sources */ = {isa = PBXBuildFile; fileRef = 71FE60F31921DE340008A2FB /* GitReferenceTests.m */; };
		71FE60FF1921DE770008A2FB /* GRViewController.m in Sources */ = {isa = PBXBuildFile; fileRef = 71FE60FE1921DE770008A2FB /* GRViewController.m */; };
/* End PBXBuildFile section */

/* Begin PBXContainerItemProxy section */
		71FE60EB1921DE340008A2FB /* PBXContainerItemProxy */ = {
			isa = PBXContainerItemProxy;
			containerPortal = 71FE60C31921DE340008A2FB /* Project object */;
			proxyType = 1;
			remoteGlobalIDString = 71FE60CA1921DE340008A2FB;
			remoteInfo = GitReference;
		};
/* End PBXContainerItemProxy section */

/* Begin PBXFileReference section */
		71FE60CB1921DE340008A2FB /* GitReference.app */ = {isa = PBXFileReference; explicitFileType = wrapper.application; includeInIndex = 0; path = GitReference.app; sourceTree = BUILT_PRODUCTS_DIR; };
		71FE60CE1921DE340008A2FB /* Foundation.framework */ = {isa = PBXFileReference; lastKnownFileType = wrapper.framework; name = Foundation.framework; path = System/Library/Frameworks/Foundation.framework; sourceTree = SDKROOT; };
		71FE60D01921DE340008A2FB /* CoreGraphics.framework */ = {isa = PBXFileReference; lastKnownFileType = wrapper.framework; name = CoreGraphics.framework; path = System/Library/Frameworks/CoreGraphics.framework; sourceTree = SDKROOT; };
		71FE60D21921DE340008A2FB /* UIKit.framework */ = {isa = PBXFileReference; lastKnownFileType = wrapper.framework; name = UIKit.framework; path = System/Library/Frameworks/UIKit.framework; sourceTree = SDKROOT; };
		71FE60D61921DE340008A2FB /* GitReference-Info.plist */ = {isa = PBXFileReference; lastKnownFileType = text.plist.xml; path = "GitReference-Info.plist"; sourceTree = "<group>"; };
		71FE60D81921DE340008A2FB /* en */ = {isa = PBXFileReference; lastKnownFileType = text.plist.strings; name = en; path = en.lproj/InfoPlist.strings; sourceTree = "<group>"; };
		71FE60DA1921DE340008A2FB /* main.m */ = {isa = PBXFileReference; lastKnownFileType = sourcecode.c.objc; path = main.m; sourceTree = "<group>"; };
		71FE60DC1921DE340008A2FB /* GitReference-Prefix.pch */ = {isa = PBXFileReference; lastKnownFileType = sourcecode.c.h; path = "GitReference-Prefix.pch"; sourceTree = "<group>"; };
		71FE60DD1921DE340008A2FB /* GRAppDelegate.h */ = {isa = PBXFileReference; lastKnownFileType = sourcecode.c.h; path = GRAppDelegate.h; sourceTree = "<group>"; };
		71FE60DE1921DE340008A2FB /* GRAppDelegate.m */ = {isa = PBXFileReference; lastKnownFileType = sourcecode.c.objc; path = GRAppDelegate.m; sourceTree = "<group>"; };
		71FE60E01921DE340008A2FB /* Images.xcassets */ = {isa = PBXFileReference; lastKnownFileType = folder.assetcatalog; path = Images.xcassets; sourceTree = "<group>"; };
		71FE60E61921DE340008A2FB /* GitReferenceTests.xctest */ = {isa = PBXFileReference; explicitFileType = wrapper.cfbundle; includeInIndex = 0; path = GitReferenceTests.xctest; sourceTree = BUILT_PRODUCTS_DIR; };
		71FE60E71921DE340008A2FB /* XCTest.framework */ = {isa = PBXFileReference; lastKnownFileType = wrapper.framework; name = XCTest.framework; path = Library/Frameworks/XCTest.framework; sourceTree = DEVELOPER_DIR; };
		71FE60EF1921DE340008A2FB /* GitReferenceTests-Info.plist */ = {isa = PBXFileReference; lastKnownFileType = text.plist.xml; path = "GitReferenceTests-Info.plist"; sourceTree = "<group>"; };
		71FE60F11921DE340008A2FB /* en */ = {isa = PBXFileReference; lastKnownFileType = text.plist.strings; name = en; path = en.lproj/InfoPlist.strings; sourceTree = "<group>"; };
		71FE60F31921DE340008A2FB /* GitReferenceTests.m */ = {isa = PBXFileReference; lastKnownFileType = sourcecode.c.objc; path = GitReferenceTests.m; sourceTree = "<group>"; };
		71FE60FD1921DE770008A2FB /* GRViewController.h */ = {isa = PBXFileReference; fileEncoding = 4; lastKnownFileType = sourcecode.c.h; path = GRViewController.h; sourceTree = "<group>"; };
		71FE60FE1921DE770008A2FB /* GRViewController.m */ = {isa = PBXFileReference; fileEncoding = 4; lastKnownFileType = sourcecode.c.objc; path = GRViewController.m; sourceTree = "<group>"; };
/* End PBXFileReference section */

/* Begin PBXFrameworksBuildPhase section */
		71FE60C81921DE340008A2FB /* Frameworks */ = {
			isa = PBXFrameworksBuildPhase;
			buildActionMask = 2147483647;
			files = (
				71FE60D11921DE340008A2FB /* CoreGraphics.framework in Frameworks */,
				71FE60D31921DE340008A2FB /* UIKit.framework in Frameworks */,
				71FE60CF1921DE340008A2FB /* Foundation.framework in Frameworks */,
			);
			runOnlyForDeploymentPostprocessing = 0;
		};
		71FE60E31921DE340008A2FB /* Frameworks */ = {
			isa = PBXFrameworksBuildPhase;
			buildActionMask = 2147483647;
			files = (
				71FE60E81921DE340008A2FB /* XCTest.framework in Frameworks */,
				71FE60EA1921DE340008A2FB /* UIKit.framework in Frameworks */,
				71FE60E91921DE340008A2FB /* Foundation.framework in Frameworks */,
			);
			runOnlyForDeploymentPostprocessing = 0;
		};
/* End PBXFrameworksBuildPhase section */

/* Begin PBXGroup section */
		71FE60C21921DE340008A2FB = {
			isa = PBXGroup;
			children = (
				71FE60D41921DE340008A2FB /* GitReference */,
				71FE60ED1921DE340008A2FB /* GitReferenceTests */,
				71FE60CD1921DE340008A2FB /* Frameworks */,
				71FE60CC1921DE340008A2FB /* Products */,
			);
			sourceTree = "<group>";
		};
		71FE60CC1921DE340008A2FB /* Products */ = {
			isa = PBXGroup;
			children = (
				71FE60CB1921DE340008A2FB /* GitReference.app */,
				71FE60E61921DE340008A2FB /* GitReferenceTests.xctest */,
			);
			name = Products;
			sourceTree = "<group>";
		};
		71FE60CD1921DE340008A2FB /* Frameworks */ = {
			isa = PBXGroup;
			children = (
				71FE60CE1921DE340008A2FB /* Foundation.framework */,
				71FE60D01921DE340008A2FB /* CoreGraphics.framework */,
				71FE60D21921DE340008A2FB /* UIKit.framework */,
				71FE60E71921DE340008A2FB /* XCTest.framework */,
			);
			name = Frameworks;
			sourceTree = "<group>";
		};
		71FE60D41921DE340008A2FB /* GitReference */ = {
			isa = PBXGroup;
			children = (
				71FE60DD1921DE340008A2FB /* GRAppDelegate.h */,
				71FE60DE1921DE340008A2FB /* GRAppDelegate.m */,
				71FE60FD1921DE770008A2FB /* GRViewController.h */,
				71FE60FE1921DE770008A2FB /* GRViewController.m */,
				71FE60E01921DE340008A2FB /* Images.xcassets */,
				71FE60D51921DE340008A2FB /* Supporting Files */,
			);
			path = GitReference;
			sourceTree = "<group>";
		};
		71FE60D51921DE340008A2FB /* Supporting Files */ = {
			isa = PBXGroup;
			children = (
				71FE60D61921DE340008A2FB /* GitReference-Info.plist */,
				71FE60D71921DE340008A2FB /* InfoPlist.strings */,
				71FE60DA1921DE340008A2FB /* main.m */,
				71FE60DC1921DE340008A2FB /* GitReference-Prefix.pch */,
			);
			name = "Supporting Files";
			sourceTree = "<group>";
		};
		71FE60ED1921DE340008A2FB /* GitReferenceTests */ = {
			isa = PBXGroup;
			children = (
				71FE60F31921DE340008A2FB /* GitReferenceTests.m */,
				71FE60EE1921DE340008A2FB /* Supporting Files */,
			);
			path = GitReferenceTests;
			sourceTree = "<group>";
		};
		71FE60EE1921DE340008A2FB /* Supporting Files */ = {
			isa = PBXGroup;
			children = (
				71FE60EF1921DE340008A2FB /* GitReferenceTests-Info.plist */,
				71FE60F01921DE340008A2FB /* InfoPlist.strings */,
			);
			name = "Supporting Files";
			sourceTree = "<group>";
		};
/* End PBXGroup section */

/* Begin PBXNativeTarget section */
		71FE60CA1921DE340008A2FB /* GitReference */ = {
			isa = PBXNativeTarget;
			buildConfigurationList = 71FE60F71921DE340008A2FB /* Build configuration list for PBXNativeTarget "GitReference" */;
			buildPhases = (
				71FE60C71921DE340008A2FB /* Sources */,
				71FE60C81921DE340008A2FB /* Frameworks */,
				71FE60C91921DE340008A2FB /* Resources */,
			);
			buildRules = (
			);
			dependencies = (
			);
			name = GitReference;
			productName = GitReference;
			productReference = 71FE60CB1921DE340008A2FB /* GitReference.app */;
			productType = "com.apple.product-type.application";
		};
		71FE60E51921DE340008A2FB /* GitReferenceTests */ = {
			isa = PBXNativeTarget;
			buildConfigurationList = 71FE60FA1921DE340008A2FB /* Build configuration list for PBXNativeTarget "GitReferenceTests" */;
			buildPhases = (
				71FE60E21921DE340008A2FB /* Sources */,
				71FE60E31921DE340008A2FB /* Frameworks */,
				71FE60E41921DE340008A2FB /* Resources */,
			);
			buildRules = (
			);
			dependencies = (
				71FE60EC1921DE340008A2FB /* PBXTargetDependency */,
			);
			name = GitReferenceTests;
			productName = GitReferenceTests;
			productReference = 71FE60E61921DE340008A2FB /* GitReferenceTests.xctest */;
			productType = "com.apple.product-type.bundle.unit-test";
		};
/* End PBXNativeTarget section */

/* Begin PBXProject section */
		71FE60C31921DE340008A2FB /* Project object */ = {
			isa = PBXProject;
			attributes = {
				CLASSPREFIX = GR;
				LastUpgradeCheck = 0510;
				ORGANIZATIONNAME = DevMountain;
				TargetAttributes = {
					71FE60E51921DE340008A2FB = {
						TestTargetID = 71FE60CA1921DE340008A2FB;
					};
				};
			};
			buildConfigurationList = 71FE60C61921DE340008A2FB /* Build configuration list for PBXProject "GitReference" */;
			compatibilityVersion = "Xcode 3.2";
			developmentRegion = English;
			hasScannedForEncodings = 0;
			knownRegions = (
				en,
			);
			mainGroup = 71FE60C21921DE340008A2FB;
			productRefGroup = 71FE60CC1921DE340008A2FB /* Products */;
			projectDirPath = "";
			projectRoot = "";
			targets = (
				71FE60CA1921DE340008A2FB /* GitReference */,
				71FE60E51921DE340008A2FB /* GitReferenceTests */,
			);
		};
/* End PBXProject section */

/* Begin PBXResourcesBuildPhase section */
		71FE60C91921DE340008A2FB /* Resources */ = {
			isa = PBXResourcesBuildPhase;
			buildActionMask = 2147483647;
			files = (
				71FE60D91921DE340008A2FB /* InfoPlist.strings in Resources */,
				71FE60E11921DE340008A2FB /* Images.xcassets in Resources */,
			);
			runOnlyForDeploymentPostprocessing = 0;
		};
		71FE60E41921DE340008A2FB /* Resources */ = {
			isa = PBXResourcesBuildPhase;
			buildActionMask = 2147483647;
			files = (
				71FE60F21921DE340008A2FB /* InfoPlist.strings in Resources */,
			);
			runOnlyForDeploymentPostprocessing = 0;
		};
/* End PBXResourcesBuildPhase section */

/* Begin PBXSourcesBuildPhase section */
		71FE60C71921DE340008A2FB /* Sources */ = {
			isa = PBXSourcesBuildPhase;
			buildActionMask = 2147483647;
			files = (
				71FE60DB1921DE340008A2FB /* main.m in Sources */,
				71FE60FF1921DE770008A2FB /* GRViewController.m in Sources */,
				71FE60DF1921DE340008A2FB /* GRAppDelegate.m in Sources */,
			);
			runOnlyForDeploymentPostprocessing = 0;
		};
		71FE60E21921DE340008A2FB /* Sources */ = {
			isa = PBXSourcesBuildPhase;
			buildActionMask = 2147483647;
			files = (
				71FE60F41921DE340008A2FB /* GitReferenceTests.m in Sources */,
			);
			runOnlyForDeploymentPostprocessing = 0;
		};
/* End PBXSourcesBuildPhase section */

/* Begin PBXTargetDependency section */
		71FE60EC1921DE340008A2FB /* PBXTargetDependency */ = {
			isa = PBXTargetDependency;
			target = 71FE60CA1921DE340008A2FB /* GitReference */;
			targetProxy = 71FE60EB1921DE340008A2FB /* PBXContainerItemProxy */;
		};
/* End PBXTargetDependency section */

/* Begin PBXVariantGroup section */
		71FE60D71921DE340008A2FB /* InfoPlist.strings */ = {
			isa = PBXVariantGroup;
			children = (
				71FE60D81921DE340008A2FB /* en */,
			);
			name = InfoPlist.strings;
			sourceTree = "<group>";
		};
		71FE60F01921DE340008A2FB /* InfoPlist.strings */ = {
			isa = PBXVariantGroup;
			children = (
				71FE60F11921DE340008A2FB /* en */,
			);
			name = InfoPlist.strings;
			sourceTree = "<group>";
		};
/* End PBXVariantGroup section */

/* Begin XCBuildConfiguration section */
		71FE60F51921DE340008A2FB /* Debug */ = {
			isa = XCBuildConfiguration;
			buildSettings = {
				ALWAYS_SEARCH_USER_PATHS = NO;
				CLANG_CXX_LANGUAGE_STANDARD = "gnu++0x";
				CLANG_CXX_LIBRARY = "libc++";
				CLANG_ENABLE_MODULES = YES;
				CLANG_ENABLE_OBJC_ARC = YES;
				CLANG_WARN_BOOL_CONVERSION = YES;
				CLANG_WARN_CONSTANT_CONVERSION = YES;
				CLANG_WARN_DIRECT_OBJC_ISA_USAGE = YES_ERROR;
				CLANG_WARN_EMPTY_BODY = YES;
				CLANG_WARN_ENUM_CONVERSION = YES;
				CLANG_WARN_INT_CONVERSION = YES;
				CLANG_WARN_OBJC_ROOT_CLASS = YES_ERROR;
				CLANG_WARN__DUPLICATE_METHOD_MATCH = YES;
				"CODE_SIGN_IDENTITY[sdk=iphoneos*]" = "iPhone Developer";
				COPY_PHASE_STRIP = NO;
				GCC_C_LANGUAGE_STANDARD = gnu99;
				GCC_DYNAMIC_NO_PIC = NO;
				GCC_OPTIMIZATION_LEVEL = 0;
				GCC_PREPROCESSOR_DEFINITIONS = (
					"DEBUG=1",
					"$(inherited)",
				);
				GCC_SYMBOLS_PRIVATE_EXTERN = NO;
				GCC_WARN_64_TO_32_BIT_CONVERSION = YES;
				GCC_WARN_ABOUT_RETURN_TYPE = YES_ERROR;
				GCC_WARN_UNDECLARED_SELECTOR = YES;
				GCC_WARN_UNINITIALIZED_AUTOS = YES_AGGRESSIVE;
				GCC_WARN_UNUSED_FUNCTION = YES;
				GCC_WARN_UNUSED_VARIABLE = YES;
				IPHONEOS_DEPLOYMENT_TARGET = 7.1;
				ONLY_ACTIVE_ARCH = YES;
				SDKROOT = iphoneos;
			};
			name = Debug;
		};
		71FE60F61921DE340008A2FB /* Release */ = {
			isa = XCBuildConfiguration;
			buildSettings = {
				ALWAYS_SEARCH_USER_PATHS = NO;
				CLANG_CXX_LANGUAGE_STANDARD = "gnu++0x";
				CLANG_CXX_LIBRARY = "libc++";
				CLANG_ENABLE_MODULES = YES;
				CLANG_ENABLE_OBJC_ARC = YES;
				CLANG_WARN_BOOL_CONVERSION = YES;
				CLANG_WARN_CONSTANT_CONVERSION = YES;
				CLANG_WARN_DIRECT_OBJC_ISA_USAGE = YES_ERROR;
				CLANG_WARN_EMPTY_BODY = YES;
				CLANG_WARN_ENUM_CONVERSION = YES;
				CLANG_WARN_INT_CONVERSION = YES;
				CLANG_WARN_OBJC_ROOT_CLASS = YES_ERROR;
				CLANG_WARN__DUPLICATE_METHOD_MATCH = YES;
				"CODE_SIGN_IDENTITY[sdk=iphoneos*]" = "iPhone Developer";
				COPY_PHASE_STRIP = YES;
				ENABLE_NS_ASSERTIONS = NO;
				GCC_C_LANGUAGE_STANDARD = gnu99;
				GCC_WARN_64_TO_32_BIT_CONVERSION = YES;
				GCC_WARN_ABOUT_RETURN_TYPE = YES_ERROR;
				GCC_WARN_UNDECLARED_SELECTOR = YES;
				GCC_WARN_UNINITIALIZED_AUTOS = YES_AGGRESSIVE;
				GCC_WARN_UNUSED_FUNCTION = YES;
				GCC_WARN_UNUSED_VARIABLE = YES;
				IPHONEOS_DEPLOYMENT_TARGET = 7.1;
				SDKROOT = iphoneos;
				VALIDATE_PRODUCT = YES;
			};
			name = Release;
		};
		71FE60F81921DE340008A2FB /* Debug */ = {
			isa = XCBuildConfiguration;
			buildSettings = {
				ASSETCATALOG_COMPILER_APPICON_NAME = AppIcon;
				ASSETCATALOG_COMPILER_LAUNCHIMAGE_NAME = LaunchImage;
				GCC_PRECOMPILE_PREFIX_HEADER = YES;
				GCC_PREFIX_HEADER = "GitReference/GitReference-Prefix.pch";
				INFOPLIST_FILE = "GitReference/GitReference-Info.plist";
				PRODUCT_NAME = "$(TARGET_NAME)";
				WRAPPER_EXTENSION = app;
			};
			name = Debug;
		};
		71FE60F91921DE340008A2FB /* Release */ = {
			isa = XCBuildConfiguration;
			buildSettings = {
				ASSETCATALOG_COMPILER_APPICON_NAME = AppIcon;
				ASSETCATALOG_COMPILER_LAUNCHIMAGE_NAME = LaunchImage;
				GCC_PRECOMPILE_PREFIX_HEADER = YES;
				GCC_PREFIX_HEADER = "GitReference/GitReference-Prefix.pch";
				INFOPLIST_FILE = "GitReference/GitReference-Info.plist";
				PRODUCT_NAME = "$(TARGET_NAME)";
				WRAPPER_EXTENSION = app;
			};
			name = Release;
		};
		71FE60FB1921DE340008A2FB /* Debug */ = {
			isa = XCBuildConfiguration;
			buildSettings = {
				BUNDLE_LOADER = "$(BUILT_PRODUCTS_DIR)/GitReference.app/GitReference";
				FRAMEWORK_SEARCH_PATHS = (
					"$(SDKROOT)/Developer/Library/Frameworks",
					"$(inherited)",
					"$(DEVELOPER_FRAMEWORKS_DIR)",
				);
				GCC_PRECOMPILE_PREFIX_HEADER = YES;
				GCC_PREFIX_HEADER = "GitReference/GitReference-Prefix.pch";
				GCC_PREPROCESSOR_DEFINITIONS = (
					"DEBUG=1",
					"$(inherited)",
				);
				INFOPLIST_FILE = "GitReferenceTests/GitReferenceTests-Info.plist";
				PRODUCT_NAME = "$(TARGET_NAME)";
				TEST_HOST = "$(BUNDLE_LOADER)";
				WRAPPER_EXTENSION = xctest;
			};
			name = Debug;
		};
		71FE60FC1921DE340008A2FB /* Release */ = {
			isa = XCBuildConfiguration;
			buildSettings = {
				BUNDLE_LOADER = "$(BUILT_PRODUCTS_DIR)/GitReference.app/GitReference";
				FRAMEWORK_SEARCH_PATHS = (
					"$(SDKROOT)/Developer/Library/Frameworks",
					"$(inherited)",
					"$(DEVELOPER_FRAMEWORKS_DIR)",
				);
				GCC_PRECOMPILE_PREFIX_HEADER = YES;
				GCC_PREFIX_HEADER = "GitReference/GitReference-Prefix.pch";
				INFOPLIST_FILE = "GitReferenceTests/GitReferenceTests-Info.plist";
				PRODUCT_NAME = "$(TARGET_NAME)";
				TEST_HOST = "$(BUNDLE_LOADER)";
				WRAPPER_EXTENSION = xctest;
			};
			name = Release;
		};
/* End XCBuildConfiguration section */

/* Begin XCConfigurationList section */
		71FE60C61921DE340008A2FB /* Build configuration list for PBXProject "GitReference" */ = {
			isa = XCConfigurationList;
			buildConfigurations = (
				71FE60F51921DE340008A2FB /* Debug */,
				71FE60F61921DE340008A2FB /* Release */,
			);
			defaultConfigurationIsVisible = 0;
			defaultConfigurationName = Release;
		};
		71FE60F71921DE340008A2FB /* Build configuration list for PBXNativeTarget "GitReference" */ = {
			isa = XCConfigurationList;
			buildConfigurations = (
				71FE60F81921DE340008A2FB /* Debug */,
				71FE60F91921DE340008A2FB /* Release */,
			);
			defaultConfigurationIsVisible = 0;
		};
		71FE60FA1921DE340008A2FB /* Build configuration list for PBXNativeTarget "GitReferenceTests" */ = {
			isa = XCConfigurationList;
			buildConfigurations = (
				71FE60FB1921DE340008A2FB /* Debug */,
				71FE60FC1921DE340008A2FB /* Release */,
			);
			defaultConfigurationIsVisible = 0;
		};
/* End XCConfigurationList section */
	};
	rootObject = 71FE60C31921DE340008A2FB /* Project object */;
}
